
Microsoft Visual Studio Solution File, Format Version 12.00
# Visual Studio 2012
Project("{FAE04EC0-301F-11D3-BF4B-00C04F79EFBC}") = "AudioRecorderSample.Android", "AudioRecorderSample.Android\AudioRecorderSample.Android.csproj", "{06B100AF-6EFC-473F-8F73-788B0E90984E}"
EndProject
Project("{FAE04EC0-301F-11D3-BF4B-00C04F79EFBC}") = "AudioRecorderSample.iOS", "AudioRecorderSample.iOS\AudioRecorderSample.iOS.csproj", "{365CF68E-AFF6-46F6-871B-FFF8F70A58D6}"
EndProject
Project("{FAE04EC0-301F-11D3-BF4B-00C04F79EFBC}") = "AudioRecorderSample", "AudioRecorderSample\AudioRecorderSample.csproj", "{774BB562-ACB8-45BC-A172-04BD39303D7C}"
EndProject
Global
	GlobalSection(SolutionConfigurationPlatforms) = preSolution
		Debug|Any CPU = Debug|Any CPU
		Release|Any CPU = Release|Any CPU
		Debug|iPhoneSimulator = Debug|iPhoneSimulator
		Release|iPhoneSimulator = Release|iPhoneSimulator
		Debug|iPhone = Debug|iPhone
		Release|iPhone = Release|iPhone
		Ad-Hoc|iPhone = Ad-Hoc|iPhone
		AppStore|iPhone = AppStore|iPhone
	EndGlobalSection
	GlobalSection(ProjectConfigurationPlatforms) = postSolution
		{06B100AF-6EFC-473F-8F73-788B0E90984E}.Debug|Any CPU.ActiveCfg = Debug|Any CPU
		{06B100AF-6EFC-473F-8F73-788B0E90984E}.Debug|Any CPU.Build.0 = Debug|Any CPU
		{06B100AF-6EFC-473F-8F73-788B0E90984E}.Release|Any CPU.ActiveCfg = Release|Any CPU
		{06B100AF-6EFC-473F-8F73-788B0E90984E}.Release|Any CPU.Build.0 = Release|Any CPU
		{06B100AF-6EFC-473F-8F73-788B0E90984E}.Debug|iPhoneSimulator.ActiveCfg = Debug|Any CPU
		{06B100AF-6EFC-473F-8F73-788B0E90984E}.Debug|iPhoneSimulator.Build.0 = Debug|Any CPU
		{06B100AF-6EFC-473F-8F73-788B0E90984E}.Release|iPhoneSimulator.ActiveCfg = Release|Any CPU
		{06B100AF-6EFC-473F-8F73-788B0E90984E}.Release|iPhoneSimulator.Build.0 = Release|Any CPU
		{06B100AF-6EFC-473F-8F73-788B0E90984E}.Debug|iPhone.ActiveCfg = Debug|Any CPU
		{06B100AF-6EFC-473F-8F73-788B0E90984E}.Debug|iPhone.Build.0 = Debug|Any CPU
		{06B100AF-6EFC-473F-8F73-788B0E90984E}.Release|iPhone.ActiveCfg = Release|Any CPU
		{06B100AF-6EFC-473F-8F73-788B0E90984E}.Release|iPhone.Build.0 = Release|Any CPU
		{06B100AF-6EFC-473F-8F73-788B0E90984E}.Ad-Hoc|iPhone.ActiveCfg = Debug|Any CPU
		{06B100AF-6EFC-473F-8F73-788B0E90984E}.Ad-Hoc|iPhone.Build.0 = Debug|Any CPU
		{06B100AF-6EFC-473F-8F73-788B0E90984E}.AppStore|iPhone.ActiveCfg = Debug|Any CPU
		{06B100AF-6EFC-473F-8F73-788B0E90984E}.AppStore|iPhone.Build.0 = Debug|Any CPU
		{365CF68E-AFF6-46F6-871B-FFF8F70A58D6}.Debug|Any CPU.ActiveCfg = Debug|iPhoneSimulator
		{365CF68E-AFF6-46F6-871B-FFF8F70A58D6}.Debug|Any CPU.Build.0 = Debug|iPhoneSimulator
		{365CF68E-AFF6-46F6-871B-FFF8F70A58D6}.Release|Any CPU.ActiveCfg = Release|iPhoneSimulator
		{365CF68E-AFF6-46F6-871B-FFF8F70A58D6}.Release|Any CPU.Build.0 = Release|iPhoneSimulator
		{365CF68E-AFF6-46F6-871B-FFF8F70A58D6}.Debug|iPhoneSimulator.ActiveCfg = Debug|iPhoneSimulator
		{365CF68E-AFF6-46F6-871B-FFF8F70A58D6}.Debug|iPhoneSimulator.Build.0 = Debug|iPhoneSimulator
		{365CF68E-AFF6-46F6-871B-FFF8F70A58D6}.Release|iPhoneSimulator.ActiveCfg = Release|iPhoneSimulator
		{365CF68E-AFF6-46F6-871B-FFF8F70A58D6}.Release|iPhoneSimulator.Build.0 = Release|iPhoneSimulator
		{365CF68E-AFF6-46F6-871B-FFF8F70A58D6}.Debug|iPhone.ActiveCfg = Debug|iPhone
		{365CF68E-AFF6-46F6-871B-FFF8F70A58D6}.Debug|iPhone.Build.0 = Debug|iPhone
		{365CF68E-AFF6-46F6-871B-FFF8F70A58D6}.Release|iPhone.ActiveCfg = Release|iPhone
		{365CF68E-AFF6-46F6-871B-FFF8F70A58D6}.Release|iPhone.Build.0 = Release|iPhone
		{365CF68E-AFF6-46F6-871B-FFF8F70A58D6}.Ad-Hoc|iPhone.ActiveCfg = Ad-Hoc|iPhone
		{365CF68E-AFF6-46F6-871B-FFF8F70A58D6}.Ad-Hoc|iPhone.Build.0 = Ad-Hoc|iPhone
		{365CF68E-AFF6-46F6-871B-FFF8F70A58D6}.AppStore|iPhone.ActiveCfg = AppStore|iPhone
		{365CF68E-AFF6-46F6-871B-FFF8F70A58D6}.AppStore|iPhone.Build.0 = AppStore|iPhone
		{774BB562-ACB8-45BC-A172-04BD39303D7C}.Debug|Any CPU.ActiveCfg = Debug|Any CPU
		{774BB562-ACB8-45BC-A172-04BD39303D7C}.Debug|Any CPU.Build.0 = Debug|Any CPU
		{774BB562-ACB8-45BC-A172-04BD39303D7C}.Release|Any CPU.ActiveCfg = Release|Any CPU
		{774BB562-ACB8-45BC-A172-04BD39303D7C}.Release|Any CPU.Build.0 = Release|Any CPU
		{774BB562-ACB8-45BC-A172-04BD39303D7C}.Debug|iPhoneSimulator.ActiveCfg = Debug|Any CPU
		{774BB562-ACB8-45BC-A172-04BD39303D7C}.Debug|iPhoneSimulator.Build.0 = Debug|Any CPU
		{774BB562-ACB8-45BC-A172-04BD39303D7C}.Release|iPhoneSimulator.ActiveCfg = Release|Any CPU
		{774BB562-ACB8-45BC-A172-04BD39303D7C}.Release|iPhoneSimulator.Build.0 = Release|Any CPU
		{774BB562-ACB8-45BC-A172-04BD39303D7C}.Debug|iPhone.ActiveCfg = Debug|Any CPU
		{774BB562-ACB8-45BC-A172-04BD39303D7C}.Debug|iPhone.Build.0 = Debug|Any CPU
		{774BB562-ACB8-45BC-A172-04BD39303D7C}.Release|iPhone.ActiveCfg = Release|Any CPU
		{774BB562-ACB8-45BC-A172-04BD39303D7C}.Release|iPhone.Build.0 = Release|Any CPU
		{774BB562-ACB8-45BC-A172-04BD39303D7C}.Ad-Hoc|iPhone.ActiveCfg = Debug|Any CPU
		{774BB562-ACB8-45BC-A172-04BD39303D7C}.Ad-Hoc|iPhone.Build.0 = Debug|Any CPU
		{774BB562-ACB8-45BC-A172-04BD39303D7C}.AppStore|iPhone.ActiveCfg = Debug|Any CPU
		{774BB562-ACB8-45BC-A172-04BD39303D7C}.AppStore|iPhone.Build.0 = Debug|Any CPU
	EndGlobalSection
EndGlobal
